
Microsoft Visual Studio Solution File, Format Version 11.00
# Visual Studio 2010
Project("{FAE04EC0-301F-11D3-BF4B-00C04F79EFBC}") = "DeleteEmptyDirectories", "DeleteEmptyDirectories\DeleteEmptyDirectories.csproj", "{BE2CE840-1DB4-4D86-8508-B70CA91EBD62}"
EndProject
Global
	GlobalSection(SolutionConfigurationPlatforms) = preSolution
		Debug|x86 = Debug|x86
		Release|x86 = Release|x86
	EndGlobalSection
	GlobalSection(ProjectConfigurationPlatforms) = postSolution
		{BE2CE840-1DB4-4D86-8508-B70CA91EBD62}.Debug|x86.ActiveCfg = Debug|x86
		{BE2CE840-1DB4-4D86-8508-B70CA91EBD62}.Debug|x86.Build.0 = Debug|x86
		{BE2CE840-1DB4-4D86-8508-B70CA91EBD62}.Release|x86.ActiveCfg = Release|x86
		{BE2CE840-1DB4-4D86-8508-B70CA91EBD62}.Release|x86.Build.0 = Release|x86
	EndGlobalSection
	GlobalSection(SolutionProperties) = preSolution
		HideSolutionNode = FALSE
	EndGlobalSection
EndGlobal
